{
    "_readme": [
        "This file locks the dependencies of your project to a known state",
        "Read more about it at http://getcomposer.org/doc/01-basic-usage.md#composer-lock-the-lock-file",
        "This file is @generated automatically"
    ],
    "hash": "c62cc8cf646e82ba52356e84ccc87cf6",
    "packages": [
        {
            "name": "danielgp/common-lib",
            "version": "1.0.6",
            "source": {
                "type": "git",
                "url": "https://github.com/danielgp/common-lib.git",
                "reference": "c3516a853326681c99f2a4ef3f65e9f4c7384d71"
            },
            "dist": {
                "type": "zip",
                "url": "https://api.github.com/repos/danielgp/common-lib/zipball/c3516a853326681c99f2a4ef3f65e9f4c7384d71",
                "reference": "c3516a853326681c99f2a4ef3f65e9f4c7384d71",
                "shasum": ""
            },
            "require": {
                "ext-curl": "*",
                "php": ">=5.4"
            },
            "type": "library",
            "autoload": {
                "psr-4": {
                    "": "source/"
                }
            },
            "notification-url": "https://packagist.org/downloads/",
            "license": [
                "MIT"
            ],
            "authors": [
                {
                    "name": "Daniel Popiniuc",
                    "email": "danielpopiniuc@gmail.com",
                    "role": "Developer"
                }
            ],
            "description": "Common functions to be used where needed",
            "time": "2015-01-05 17:21:00"
        }
    ],
    "packages-dev": [],
    "aliases": [],
    "minimum-stability": "stable",
    "stability-flags": [],
    "prefer-stable": true,
    "platform": {
        "php": ">=5.4",
        "ext-curl": "*",
        "ext-mysqli": "*"
    },
    "platform-dev": []
}
