{
    "_readme": [
        "This file locks the dependencies of your project to a known state",
        "Read more about it at http://getcomposer.org/doc/01-basic-usage.md#composer-lock-the-lock-file",
        "This file is @generated automatically"
    ],
    "hash": "c256efbb593c554c7d8335146b6795c9",
    "packages": [
        {
            "name": "danielgp/common-lib",
            "version": "1.2.8",
            "source": {
                "type": "git",
                "url": "https://github.com/danielgp/common-lib.git",
                "reference": "02edea2b885e9e5dbb4097dcc60540a8a38d0421"
            },
            "dist": {
                "type": "zip",
                "url": "https://api.github.com/repos/danielgp/common-lib/zipball/02edea2b885e9e5dbb4097dcc60540a8a38d0421",
                "reference": "02edea2b885e9e5dbb4097dcc60540a8a38d0421",
                "shasum": ""
            },
            "require": {
                "ext-curl": "*",
                "ext-mysqli": "*",
                "inetsys/phpgettext": ">=1.0.11",
                "php": ">=5.4"
            },
            "type": "library",
            "autoload": {
                "classmap": [
                    "CommonCode.php",
                    "MySQLiByDanielGP.php",
                    "RomanianHolidays.php"
                ]
            },
            "notification-url": "https://packagist.org/downloads/",
            "license": [
                "MIT"
            ],
            "authors": [
                {
                    "name": "Daniel Popiniuc",
                    "email": "danielpopiniuc@gmail.com",
                    "role": "Developer"
                }
            ],
            "description": "Common functions to be used where needed",
            "time": "2015-03-06 19:27:43"
        },
        {
            "name": "doctrine/cache",
            "version": "v1.4.0",
            "source": {
                "type": "git",
                "url": "https://github.com/doctrine/cache.git",
                "reference": "2346085d2b027b233ae1d5de59b07440b9f288c8"
            },
            "dist": {
                "type": "zip",
                "url": "https://api.github.com/repos/doctrine/cache/zipball/2346085d2b027b233ae1d5de59b07440b9f288c8",
                "reference": "2346085d2b027b233ae1d5de59b07440b9f288c8",
                "shasum": ""
            },
            "require": {
                "php": ">=5.3.2"
            },
            "conflict": {
                "doctrine/common": ">2.2,<2.4"
            },
            "require-dev": {
                "phpunit/phpunit": ">=3.7",
                "predis/predis": "~0.8",
                "satooshi/php-coveralls": "~0.6"
            },
            "type": "library",
            "extra": {
                "branch-alias": {
                    "dev-master": "1.4.x-dev"
                }
            },
            "autoload": {
                "psr-0": {
                    "Doctrine\\Common\\Cache\\": "lib/"
                }
            },
            "notification-url": "https://packagist.org/downloads/",
            "license": [
                "MIT"
            ],
            "authors": [
                {
                    "name": "Roman Borschel",
                    "email": "roman@code-factory.org"
                },
                {
                    "name": "Benjamin Eberlei",
                    "email": "kontakt@beberlei.de"
                },
                {
                    "name": "Guilherme Blanco",
                    "email": "guilhermeblanco@gmail.com"
                },
                {
                    "name": "Jonathan Wage",
                    "email": "jonwage@gmail.com"
                },
                {
                    "name": "Johannes Schmitt",
                    "email": "schmittjoh@gmail.com"
                }
            ],
            "description": "Caching library offering an object-oriented API for many cache backends",
            "homepage": "http://www.doctrine-project.org",
            "keywords": [
                "cache",
                "caching"
            ],
            "time": "2015-01-15 20:38:55"
        },
        {
            "name": "inetsys/phpgettext",
            "version": "1.0.11",
            "source": {
                "type": "git",
                "url": "https://github.com/inetsys/phpgettext.git",
                "reference": "cc8b5b65b8392ef4efe73705d2bde7bc114649e1"
            },
            "dist": {
                "type": "zip",
                "url": "https://api.github.com/repos/inetsys/phpgettext/zipball/cc8b5b65b8392ef4efe73705d2bde7bc114649e1",
                "reference": "cc8b5b65b8392ef4efe73705d2bde7bc114649e1",
                "shasum": ""
            },
            "require": {
                "php": ">=5.0.0"
            },
            "type": "library",
            "autoload": {
                "classmap": [
                    "gettext.php",
                    "streams.php"
                ]
            },
            "notification-url": "https://packagist.org/downloads/",
            "license": [
                "GNU GPL v2"
            ],
            "authors": [
                {
                    "name": "Danilo Segan",
                    "homepage": "https://launchpad.net/php-gettext/",
                    "role": "Developer"
                },
                {
                    "name": "Pablo Banderas",
                    "homepage": "http://www.inetsys.es/",
                    "role": "Wrapper"
                }
            ],
            "description": "PHP implementation of gettext",
            "homepage": "https://github.com/inetsys/phpgettext",
            "keywords": [
                "gettext",
                "phpgettext"
            ],
            "time": "2014-02-07 10:24:48"
        },
        {
            "name": "mustangostang/spyc",
            "version": "0.5.1",
            "source": {
                "type": "git",
                "url": "https://github.com/mustangostang/spyc.git",
                "reference": "dc4785b4d7227fd9905e086d499fb8abfadf9977"
            },
            "dist": {
                "type": "zip",
                "url": "https://api.github.com/repos/mustangostang/spyc/zipball/dc4785b4d7227fd9905e086d499fb8abfadf9977",
                "reference": "dc4785b4d7227fd9905e086d499fb8abfadf9977",
                "shasum": ""
            },
            "require": {
                "php": ">=5.3.1"
            },
            "type": "library",
            "extra": {
                "branch-alias": {
                    "dev-master": "0.5.x-dev"
                }
            },
            "autoload": {
                "files": [
                    "Spyc.php"
                ]
            },
            "notification-url": "https://packagist.org/downloads/",
            "license": [
                "MIT License"
            ],
            "authors": [
                {
                    "name": "mustangostang",
                    "email": "vlad.andersen@gmail.com"
                }
            ],
            "description": "A simple YAML loader/dumper class for PHP",
            "homepage": "https://github.com/mustangostang/spyc/",
            "keywords": [
                "spyc",
                "yaml",
                "yml"
            ],
            "time": "2013-02-21 10:52:01"
        },
        {
            "name": "piwik/device-detector",
            "version": "3.0.1",
            "source": {
                "type": "git",
                "url": "https://github.com/piwik/device-detector.git",
                "reference": "87720bc573642ad96ae9bdc42d82a843a8e65899"
            },
            "dist": {
                "type": "zip",
                "url": "https://api.github.com/repos/piwik/device-detector/zipball/87720bc573642ad96ae9bdc42d82a843a8e65899",
                "reference": "87720bc573642ad96ae9bdc42d82a843a8e65899",
                "shasum": ""
            },
            "require": {
                "mustangostang/spyc": "*",
                "php": ">=5.3.2"
            },
            "require-dev": {
                "phpunit/phpunit": "4.1.*"
            },
            "suggest": {
                "doctrine/cache": "Can directly be used for caching purpose"
            },
            "type": "library",
            "autoload": {
                "psr-4": {
                    "DeviceDetector\\": ""
                }
            },
            "notification-url": "https://packagist.org/downloads/",
            "license": [
                "LGPL-3.0+"
            ],
            "authors": [
                {
                    "name": "The Piwik Team",
                    "email": "hello@piwik.org",
                    "homepage": "http://piwik.org/the-piwik-team/"
                }
            ],
            "description": "The Universal Device Detection library, that parses User Agents and detects devices (desktop, tablet, mobile, tv, cars, console, etc.), clients (browsers, media players, mobile apps, feed readers, libraries, etc), operating systems, devices, brands and models.",
            "homepage": "http://piwik.org",
            "keywords": [
                "devicedetection",
                "parser",
                "useragent"
            ],
            "time": "2015-02-21 19:36:09"
        }
    ],
    "packages-dev": [],
    "aliases": [],
    "minimum-stability": "stable",
    "stability-flags": [],
    "prefer-stable": true,
    "prefer-lowest": false,
    "platform": {
        "php": ">=5.4",
        "ext-curl": "*",
        "ext-mysqli": "*"
    },
    "platform-dev": []
}
